// !$*UTF8*$!
{
	archiveVersion = 1;
	classes = {
	};
	objectVersion = 46;
	objects = {

/* Begin PBXBuildFile section */
		121201CE1E87A17800BDE380 /* pokemon.csv in Resources */ = {isa = PBXBuildFile; fileRef = 121201CD1E87A17800BDE380 /* pokemon.csv */; };
		121201D11E88C25E00BDE380 /* Pokemon.swift in Sources */ = {isa = PBXBuildFile; fileRef = 121201D01E88C25E00BDE380 /* Pokemon.swift */; };
		121201D41E88CBA400BDE380 /* PokemonCollectionViewCell.swift in Sources */ = {isa = PBXBuildFile; fileRef = 121201D31E88CBA400BDE380 /* PokemonCollectionViewCell.swift */; };
		121201D61E8E2F6800BDE380 /* csv.swift in Sources */ = {isa = PBXBuildFile; fileRef = 121201D51E8E2F6800BDE380 /* csv.swift */; };
		121201D81E8E3ADA00BDE380 /* pokemon.ttf in Resources */ = {isa = PBXBuildFile; fileRef = 121201D71E8E3ADA00BDE380 /* pokemon.ttf */; };
		121201DD1E8E3D6000BDE380 /* music.mp3 in Resources */ = {isa = PBXBuildFile; fileRef = 121201DC1E8E3D6000BDE380 /* music.mp3 */; };
		121201DF1E8F6A9700BDE380 /* PokemonDetailViewController.swift in Sources */ = {isa = PBXBuildFile; fileRef = 121201DE1E8F6A9700BDE380 /* PokemonDetailViewController.swift */; };
		12476DCA1E879AAA00278CAB /* AppDelegate.swift in Sources */ = {isa = PBXBuildFile; fileRef = 12476DC91E879AAA00278CAB /* AppDelegate.swift */; };
		12476DCC1E879AAA00278CAB /* ViewController.swift in Sources */ = {isa = PBXBuildFile; fileRef = 12476DCB1E879AAA00278CAB /* ViewController.swift */; };
		12476DCF1E879AAA00278CAB /* Main.storyboard in Resources */ = {isa = PBXBuildFile; fileRef = 12476DCD1E879AAA00278CAB /* Main.storyboard */; };
		12476DD11E879AAB00278CAB /* Assets.xcassets in Resources */ = {isa = PBXBuildFile; fileRef = 12476DD01E879AAB00278CAB /* Assets.xcassets */; };
		12476DD41E879AAB00278CAB /* LaunchScreen.storyboard in Resources */ = {isa = PBXBuildFile; fileRef = 12476DD21E879AAB00278CAB /* LaunchScreen.storyboard */; };
/* End PBXBuildFile section */

/* Begin PBXFileReference section */
		121201CD1E87A17800BDE380 /* pokemon.csv */ = {isa = PBXFileReference; fileEncoding = 4; lastKnownFileType = text; path = pokemon.csv; sourceTree = "<group>"; };
		121201D01E88C25E00BDE380 /* Pokemon.swift */ = {isa = PBXFileReference; fileEncoding = 4; lastKnownFileType = sourcecode.swift; path = Pokemon.swift; sourceTree = "<group>"; };
		121201D31E88CBA400BDE380 /* PokemonCollectionViewCell.swift */ = {isa = PBXFileReference; fileEncoding = 4; lastKnownFileType = sourcecode.swift; path = PokemonCollectionViewCell.swift; sourceTree = "<group>"; };
		121201D51E8E2F6800BDE380 /* csv.swift */ = {isa = PBXFileReference; fileEncoding = 4; lastKnownFileType = sourcecode.swift; path = csv.swift; sourceTree = "<group>"; };
		121201D71E8E3ADA00BDE380 /* pokemon.ttf */ = {isa = PBXFileReference; lastKnownFileType = file; path = pokemon.ttf; sourceTree = "<group>"; };
		121201DC1E8E3D6000BDE380 /* music.mp3 */ = {isa = PBXFileReference; lastKnownFileType = audio.mp3; path = music.mp3; sourceTree = "<group>"; };
		121201DE1E8F6A9700BDE380 /* PokemonDetailViewController.swift */ = {isa = PBXFileReference; fileEncoding = 4; lastKnownFileType = sourcecode.swift; path = PokemonDetailViewController.swift; sourceTree = "<group>"; };
		12476DC61E879AAA00278CAB /* Pokedex.app */ = {isa = PBXFileReference; explicitFileType = wrapper.application; includeInIndex = 0; path = Pokedex.app; sourceTree = BUILT_PRODUCTS_DIR; };
		12476DC91E879AAA00278CAB /* AppDelegate.swift */ = {isa = PBXFileReference; lastKnownFileType = sourcecode.swift; path = AppDelegate.swift; sourceTree = "<group>"; };
		12476DCB1E879AAA00278CAB /* ViewController.swift */ = {isa = PBXFileReference; lastKnownFileType = sourcecode.swift; path = ViewController.swift; sourceTree = "<group>"; };
		12476DCE1E879AAA00278CAB /* Base */ = {isa = PBXFileReference; lastKnownFileType = file.storyboard; name = Base; path = Base.lproj/Main.storyboard; sourceTree = "<group>"; };
		12476DD01E879AAB00278CAB /* Assets.xcassets */ = {isa = PBXFileReference; lastKnownFileType = folder.assetcatalog; path = Assets.xcassets; sourceTree = "<group>"; };
		12476DD31E879AAB00278CAB /* Base */ = {isa = PBXFileReference; lastKnownFileType = file.storyboard; name = Base; path = Base.lproj/LaunchScreen.storyboard; sourceTree = "<group>"; };
		12476DD51E879AAB00278CAB /* Info.plist */ = {isa = PBXFileReference; lastKnownFileType = text.plist.xml; path = Info.plist; sourceTree = "<group>"; };
/* End PBXFileReference section */

/* Begin PBXFrameworksBuildPhase section */
		12476DC31E879AAA00278CAB /* Frameworks */ = {
			isa = PBXFrameworksBuildPhase;
			buildActionMask = 2147483647;
			files = (
			);
			runOnlyForDeploymentPostprocessing = 0;
		};
/* End PBXFrameworksBuildPhase section */

/* Begin PBXGroup section */
		121201CF1E88C23200BDE380 /* Models */ = {
			isa = PBXGroup;
			children = (
				121201D01E88C25E00BDE380 /* Pokemon.swift */,
			);
			name = Models;
			sourceTree = "<group>";
		};
		121201D21E88CB2200BDE380 /* Views */ = {
			isa = PBXGroup;
			children = (
				121201D31E88CBA400BDE380 /* PokemonCollectionViewCell.swift */,
			);
			name = Views;
			sourceTree = "<group>";
		};
		121201D91E8E3B0000BDE380 /* Controllers */ = {
			isa = PBXGroup;
			children = (
				12476DCB1E879AAA00278CAB /* ViewController.swift */,
				121201DE1E8F6A9700BDE380 /* PokemonDetailViewController.swift */,
			);
			name = Controllers;
			sourceTree = "<group>";
		};
		121201DA1E8E3B0F00BDE380 /* Resources */ = {
			isa = PBXGroup;
			children = (
				121201D71E8E3ADA00BDE380 /* pokemon.ttf */,
				121201CD1E87A17800BDE380 /* pokemon.csv */,
				121201DC1E8E3D6000BDE380 /* music.mp3 */,
			);
			name = Resources;
			sourceTree = "<group>";
		};
		121201DB1E8E3B5B00BDE380 /* Utils */ = {
			isa = PBXGroup;
			children = (
				121201D51E8E2F6800BDE380 /* csv.swift */,
			);
			name = Utils;
			sourceTree = "<group>";
		};
		12476DBD1E879AAA00278CAB = {
			isa = PBXGroup;
			children = (
				12476DC81E879AAA00278CAB /* Pokedex */,
				12476DC71E879AAA00278CAB /* Products */,
			);
			sourceTree = "<group>";
		};
		12476DC71E879AAA00278CAB /* Products */ = {
			isa = PBXGroup;
			children = (
				12476DC61E879AAA00278CAB /* Pokedex.app */,
			);
			name = Products;
			sourceTree = "<group>";
		};
		12476DC81E879AAA00278CAB /* Pokedex */ = {
			isa = PBXGroup;
			children = (
				121201CF1E88C23200BDE380 /* Models */,
				121201D21E88CB2200BDE380 /* Views */,
				121201D91E8E3B0000BDE380 /* Controllers */,
				121201DA1E8E3B0F00BDE380 /* Resources */,
				121201DB1E8E3B5B00BDE380 /* Utils */,
				12476DC91E879AAA00278CAB /* AppDelegate.swift */,
				12476DCD1E879AAA00278CAB /* Main.storyboard */,
				12476DD01E879AAB00278CAB /* Assets.xcassets */,
				12476DD21E879AAB00278CAB /* LaunchScreen.storyboard */,
				12476DD51E879AAB00278CAB /* Info.plist */,
			);
			path = Pokedex;
			sourceTree = "<group>";
		};
/* End PBXGroup section */

/* Begin PBXNativeTarget section */
		12476DC51E879AAA00278CAB /* Pokedex */ = {
			isa = PBXNativeTarget;
			buildConfigurationList = 12476DD81E879AAB00278CAB /* Build configuration list for PBXNativeTarget "Pokedex" */;
			buildPhases = (
				12476DC21E879AAA00278CAB /* Sources */,
				12476DC31E879AAA00278CAB /* Frameworks */,
				12476DC41E879AAA00278CAB /* Resources */,
			);
			buildRules = (
			);
			dependencies = (
			);
			name = Pokedex;
			productName = Pokedex;
			productReference = 12476DC61E879AAA00278CAB /* Pokedex.app */;
			productType = "com.apple.product-type.application";
		};
/* End PBXNativeTarget section */

/* Begin PBXProject section */
		12476DBE1E879AAA00278CAB /* Project object */ = {
			isa = PBXProject;
			attributes = {
				LastSwiftUpdateCheck = 0820;
				LastUpgradeCheck = 0820;
				ORGANIZATIONNAME = "Luis Guzman";
				TargetAttributes = {
					12476DC51E879AAA00278CAB = {
						CreatedOnToolsVersion = 8.2.1;
						LastSwiftMigration = 0820;
						ProvisioningStyle = Automatic;
					};
				};
			};
			buildConfigurationList = 12476DC11E879AAA00278CAB /* Build configuration list for PBXProject "Pokedex" */;
			compatibilityVersion = "Xcode 3.2";
			developmentRegion = English;
			hasScannedForEncodings = 0;
			knownRegions = (
				en,
				Base,
			);
			mainGroup = 12476DBD1E879AAA00278CAB;
			productRefGroup = 12476DC71E879AAA00278CAB /* Products */;
			projectDirPath = "";
			projectRoot = "";
			targets = (
				12476DC51E879AAA00278CAB /* Pokedex */,
			);
		};
/* End PBXProject section */

/* Begin PBXResourcesBuildPhase section */
		12476DC41E879AAA00278CAB /* Resources */ = {
			isa = PBXResourcesBuildPhase;
			buildActionMask = 2147483647;
			files = (
				121201D81E8E3ADA00BDE380 /* pokemon.ttf in Resources */,
				12476DD41E879AAB00278CAB /* LaunchScreen.storyboard in Resources */,
				121201DD1E8E3D6000BDE380 /* music.mp3 in Resources */,
				12476DD11E879AAB00278CAB /* Assets.xcassets in Resources */,
				121201CE1E87A17800BDE380 /* pokemon.csv in Resources */,
				12476DCF1E879AAA00278CAB /* Main.storyboard in Resources */,
			);
			runOnlyForDeploymentPostprocessing = 0;
		};
/* End PBXResourcesBuildPhase section */

/* Begin PBXSourcesBuildPhase section */
		12476DC21E879AAA00278CAB /* Sources */ = {
			isa = PBXSourcesBuildPhase;
			buildActionMask = 2147483647;
			files = (
				12476DCC1E879AAA00278CAB /* ViewController.swift in Sources */,
				12476DCA1E879AAA00278CAB /* AppDelegate.swift in Sources */,
				121201D41E88CBA400BDE380 /* PokemonCollectionViewCell.swift in Sources */,
				121201D11E88C25E00BDE380 /* Pokemon.swift in Sources */,
				121201D61E8E2F6800BDE380 /* csv.swift in Sources */,
				121201DF1E8F6A9700BDE380 /* PokemonDetailViewController.swift in Sources */,
			);
			runOnlyForDeploymentPostprocessing = 0;
		};
/* End PBXSourcesBuildPhase section */

/* Begin PBXVariantGroup section */
		12476DCD1E879AAA00278CAB /* Main.storyboard */ = {
			isa = PBXVariantGroup;
			children = (
				12476DCE1E879AAA00278CAB /* Base */,
			);
			name = Main.storyboard;
			sourceTree = "<group>";
		};
		12476DD21E879AAB00278CAB /* LaunchScreen.storyboard */ = {
			isa = PBXVariantGroup;
			children = (
				12476DD31E879AAB00278CAB /* Base */,
			);
			name = LaunchScreen.storyboard;
			sourceTree = "<group>";
		};
/* End PBXVariantGroup section */

/* Begin XCBuildConfiguration section */
		12476DD61E879AAB00278CAB /* Debug */ = {
			isa = XCBuildConfiguration;
			buildSettings = {
				ALWAYS_SEARCH_USER_PATHS = NO;
				CLANG_ANALYZER_NONNULL = YES;
				CLANG_CXX_LANGUAGE_STANDARD = "gnu++0x";
				CLANG_CXX_LIBRARY = "libc++";
				CLANG_ENABLE_MODULES = YES;
				CLANG_ENABLE_OBJC_ARC = YES;
				CLANG_WARN_BOOL_CONVERSION = YES;
				CLANG_WARN_CONSTANT_CONVERSION = YES;
				CLANG_WARN_DIRECT_OBJC_ISA_USAGE = YES_ERROR;
				CLANG_WARN_DOCUMENTATION_COMMENTS = YES;
				CLANG_WARN_EMPTY_BODY = YES;
				CLANG_WARN_ENUM_CONVERSION = YES;
				CLANG_WARN_INFINITE_RECURSION = YES;
				CLANG_WARN_INT_CONVERSION = YES;
				CLANG_WARN_OBJC_ROOT_CLASS = YES_ERROR;
				CLANG_WARN_SUSPICIOUS_MOVE = YES;
				CLANG_WARN_UNREACHABLE_CODE = YES;
				CLANG_WARN__DUPLICATE_METHOD_MATCH = YES;
				"CODE_SIGN_IDENTITY[sdk=iphoneos*]" = "iPhone Developer";
				COPY_PHASE_STRIP = NO;
				DEBUG_INFORMATION_FORMAT = dwarf;
				ENABLE_STRICT_OBJC_MSGSEND = YES;
				ENABLE_TESTABILITY = YES;
				GCC_C_LANGUAGE_STANDARD = gnu99;
				GCC_DYNAMIC_NO_PIC = NO;
				GCC_NO_COMMON_BLOCKS = YES;
				GCC_OPTIMIZATION_LEVEL = 0;
				GCC_PREPROCESSOR_DEFINITIONS = (
					"DEBUG=1",
					"$(inherited)",
				);
				GCC_WARN_64_TO_32_BIT_CONVERSION = YES;
				GCC_WARN_ABOUT_RETURN_TYPE = YES_ERROR;
				GCC_WARN_UNDECLARED_SELECTOR = YES;
				GCC_WARN_UNINITIALIZED_AUTOS = YES_AGGRESSIVE;
				GCC_WARN_UNUSED_FUNCTION = YES;
				GCC_WARN_UNUSED_VARIABLE = YES;
				IPHONEOS_DEPLOYMENT_TARGET = 10.2;
				MTL_ENABLE_DEBUG_INFO = YES;
				ONLY_ACTIVE_ARCH = YES;
				SDKROOT = iphoneos;
				SWIFT_ACTIVE_COMPILATION_CONDITIONS = DEBUG;
				SWIFT_OPTIMIZATION_LEVEL = "-Onone";
			};
			name = Debug;
		};
		12476DD71E879AAB00278CAB /* Release */ = {
			isa = XCBuildConfiguration;
			buildSettings = {
				ALWAYS_SEARCH_USER_PATHS = NO;
				CLANG_ANALYZER_NONNULL = YES;
				CLANG_CXX_LANGUAGE_STANDARD = "gnu++0x";
				CLANG_CXX_LIBRARY = "libc++";
				CLANG_ENABLE_MODULES = YES;
				CLANG_ENABLE_OBJC_ARC = YES;
				CLANG_WARN_BOOL_CONVERSION = YES;
				CLANG_WARN_CONSTANT_CONVERSION = YES;
				CLANG_WARN_DIRECT_OBJC_ISA_USAGE = YES_ERROR;
				CLANG_WARN_DOCUMENTATION_COMMENTS = YES;
				CLANG_WARN_EMPTY_BODY = YES;
				CLANG_WARN_ENUM_CONVERSION = YES;
				CLANG_WARN_INFINITE_RECURSION = YES;
				CLANG_WARN_INT_CONVERSION = YES;
				CLANG_WARN_OBJC_ROOT_CLASS = YES_ERROR;
				CLANG_WARN_SUSPICIOUS_MOVE = YES;
				CLANG_WARN_UNREACHABLE_CODE = YES;
				CLANG_WARN__DUPLICATE_METHOD_MATCH = YES;
				"CODE_SIGN_IDENTITY[sdk=iphoneos*]" = "iPhone Developer";
				COPY_PHASE_STRIP = NO;
				DEBUG_INFORMATION_FORMAT = "dwarf-with-dsym";
				ENABLE_NS_ASSERTIONS = NO;
				ENABLE_STRICT_OBJC_MSGSEND = YES;
				GCC_C_LANGUAGE_STANDARD = gnu99;
				GCC_NO_COMMON_BLOCKS = YES;
				GCC_WARN_64_TO_32_BIT_CONVERSION = YES;
				GCC_WARN_ABOUT_RETURN_TYPE = YES_ERROR;
				GCC_WARN_UNDECLARED_SELECTOR = YES;
				GCC_WARN_UNINITIALIZED_AUTOS = YES_AGGRESSIVE;
				GCC_WARN_UNUSED_FUNCTION = YES;
				GCC_WARN_UNUSED_VARIABLE = YES;
				IPHONEOS_DEPLOYMENT_TARGET = 10.2;
				MTL_ENABLE_DEBUG_INFO = NO;
				SDKROOT = iphoneos;
				SWIFT_OPTIMIZATION_LEVEL = "-Owholemodule";
				VALIDATE_PRODUCT = YES;
			};
			name = Release;
		};
		12476DD91E879AAB00278CAB /* Debug */ = {
			isa = XCBuildConfiguration;
			buildSettings = {
				ASSETCATALOG_COMPILER_APPICON_NAME = AppIcon;
				INFOPLIST_FILE = Pokedex/Info.plist;
				LD_RUNPATH_SEARCH_PATHS = "$(inherited) @executable_path/Frameworks";
				PRODUCT_BUNDLE_IDENTIFIER = org.legd.Pokedex;
				PRODUCT_NAME = "$(TARGET_NAME)";
				SWIFT_VERSION = 3.0;
			};
			name = Debug;
		};
		12476DDA1E879AAB00278CAB /* Release */ = {
			isa = XCBuildConfiguration;
			buildSettings = {
				ASSETCATALOG_COMPILER_APPICON_NAME = AppIcon;
				INFOPLIST_FILE = Pokedex/Info.plist;
				LD_RUNPATH_SEARCH_PATHS = "$(inherited) @executable_path/Frameworks";
				PRODUCT_BUNDLE_IDENTIFIER = org.legd.Pokedex;
				PRODUCT_NAME = "$(TARGET_NAME)";
				SWIFT_VERSION = 3.0;
			};
			name = Release;
		};
/* End XCBuildConfiguration section */

/* Begin XCConfigurationList section */
		12476DC11E879AAA00278CAB /* Build configuration list for PBXProject "Pokedex" */ = {
			isa = XCConfigurationList;
			buildConfigurations = (
				12476DD61E879AAB00278CAB /* Debug */,
				12476DD71E879AAB00278CAB /* Release */,
			);
			defaultConfigurationIsVisible = 0;
			defaultConfigurationName = Release;
		};
		12476DD81E879AAB00278CAB /* Build configuration list for PBXNativeTarget "Pokedex" */ = {
			isa = XCConfigurationList;
			buildConfigurations = (
				12476DD91E879AAB00278CAB /* Debug */,
				12476DDA1E879AAB00278CAB /* Release */,
			);
			defaultConfigurationIsVisible = 0;
			defaultConfigurationName = Release;
		};
/* End XCConfigurationList section */
	};
	rootObject = 12476DBE1E879AAA00278CAB /* Project object */;
}
